
Microsoft Visual Studio Solution File, Format Version 12.00
# Visual Studio Version 17
VisualStudioVersion = 17.10.35013.160
MinimumVisualStudioVersion = 10.0.40219.1
Project("{9A19103F-16F7-4668-BE54-9A1E7A4F7556}") = "ComputerHardwareStore", "ComputerHardwareStore\ComputerHardwareStore.csproj", "{97F7A057-277E-4015-945D-3ED5C9C400FD}"
EndProject
Project("{9A19103F-16F7-4668-BE54-9A1E7A4F7556}") = "Contracts", "Contracts\Contracts.csproj", "{AF41C296-3685-46B7-9333-C23161432B22}"
EndProject
Project("{9A19103F-16F7-4668-BE54-9A1E7A4F7556}") = "LoggerService", "LoggerService\LoggerService.csproj", "{5253C29B-CCA3-45A4-895D-431C22396788}"
EndProject
Project("{9A19103F-16F7-4668-BE54-9A1E7A4F7556}") = "Entities", "Entities\Entities.csproj", "{54648D6B-46C9-44C5-B8E7-EF017C4DCE47}"
EndProject
Project("{9A19103F-16F7-4668-BE54-9A1E7A4F7556}") = "Repository", "Repository\Repository.csproj", "{86FDDA5E-4F34-410E-ADF7-AA0DC3BBD495}"
EndProject
Project("{9A19103F-16F7-4668-BE54-9A1E7A4F7556}") = "Service.Contracts", "Service.Contracts\Service.Contracts.csproj", "{7ACEEC86-22DC-4116-B6BF-FFE1030D1F5F}"
EndProject
Project("{9A19103F-16F7-4668-BE54-9A1E7A4F7556}") = "Service", "Service\Service.csproj", "{F6F8AA07-E109-4066-BA90-9116DA768757}"
EndProject
Project("{FAE04EC0-301F-11D3-BF4B-00C04F79EFBC}") = "ComputerHardwareStore.Presentation", "ComputerHardwareStore.Presentation\ComputerHardwareStore.Presentation.csproj", "{9B16DAAF-7E01-48E9-B38B-8A203DE945EE}"
EndProject
Project("{FAE04EC0-301F-11D3-BF4B-00C04F79EFBC}") = "Shared", "Shared\Shared.csproj", "{823EDC8B-69DD-4FD1-989A-BE535FFD7B04}"
EndProject
Global
	GlobalSection(SolutionConfigurationPlatforms) = preSolution
		Debug|Any CPU = Debug|Any CPU
		Release|Any CPU = Release|Any CPU
	EndGlobalSection
	GlobalSection(ProjectConfigurationPlatforms) = postSolution
		{97F7A057-277E-4015-945D-3ED5C9C400FD}.Debug|Any CPU.ActiveCfg = Debug|Any CPU
		{97F7A057-277E-4015-945D-3ED5C9C400FD}.Debug|Any CPU.Build.0 = Debug|Any CPU
		{97F7A057-277E-4015-945D-3ED5C9C400FD}.Release|Any CPU.ActiveCfg = Release|Any CPU
		{97F7A057-277E-4015-945D-3ED5C9C400FD}.Release|Any CPU.Build.0 = Release|Any CPU
		{AF41C296-3685-46B7-9333-C23161432B22}.Debug|Any CPU.ActiveCfg = Debug|Any CPU
		{AF41C296-3685-46B7-9333-C23161432B22}.Debug|Any CPU.Build.0 = Debug|Any CPU
		{AF41C296-3685-46B7-9333-C23161432B22}.Release|Any CPU.ActiveCfg = Release|Any CPU
		{AF41C296-3685-46B7-9333-C23161432B22}.Release|Any CPU.Build.0 = Release|Any CPU
		{5253C29B-CCA3-45A4-895D-431C22396788}.Debug|Any CPU.ActiveCfg = Debug|Any CPU
		{5253C29B-CCA3-45A4-895D-431C22396788}.Debug|Any CPU.Build.0 = Debug|Any CPU
		{5253C29B-CCA3-45A4-895D-431C22396788}.Release|Any CPU.ActiveCfg = Release|Any CPU
		{5253C29B-CCA3-45A4-895D-431C22396788}.Release|Any CPU.Build.0 = Release|Any CPU
		{54648D6B-46C9-44C5-B8E7-EF017C4DCE47}.Debug|Any CPU.ActiveCfg = Debug|Any CPU
		{54648D6B-46C9-44C5-B8E7-EF017C4DCE47}.Debug|Any CPU.Build.0 = Debug|Any CPU
		{54648D6B-46C9-44C5-B8E7-EF017C4DCE47}.Release|Any CPU.ActiveCfg = Release|Any CPU
		{54648D6B-46C9-44C5-B8E7-EF017C4DCE47}.Release|Any CPU.Build.0 = Release|Any CPU
		{86FDDA5E-4F34-410E-ADF7-AA0DC3BBD495}.Debug|Any CPU.ActiveCfg = Debug|Any CPU
		{86FDDA5E-4F34-410E-ADF7-AA0DC3BBD495}.Debug|Any CPU.Build.0 = Debug|Any CPU
		{86FDDA5E-4F34-410E-ADF7-AA0DC3BBD495}.Release|Any CPU.ActiveCfg = Release|Any CPU
		{86FDDA5E-4F34-410E-ADF7-AA0DC3BBD495}.Release|Any CPU.Build.0 = Release|Any CPU
		{7ACEEC86-22DC-4116-B6BF-FFE1030D1F5F}.Debug|Any CPU.ActiveCfg = Debug|Any CPU
		{7ACEEC86-22DC-4116-B6BF-FFE1030D1F5F}.Debug|Any CPU.Build.0 = Debug|Any CPU
		{7ACEEC86-22DC-4116-B6BF-FFE1030D1F5F}.Release|Any CPU.ActiveCfg = Release|Any CPU
		{7ACEEC86-22DC-4116-B6BF-FFE1030D1F5F}.Release|Any CPU.Build.0 = Release|Any CPU
		{F6F8AA07-E109-4066-BA90-9116DA768757}.Debug|Any CPU.ActiveCfg = Debug|Any CPU
		{F6F8AA07-E109-4066-BA90-9116DA768757}.Debug|Any CPU.Build.0 = Debug|Any CPU
		{F6F8AA07-E109-4066-BA90-9116DA768757}.Release|Any CPU.ActiveCfg = Release|Any CPU
		{F6F8AA07-E109-4066-BA90-9116DA768757}.Release|Any CPU.Build.0 = Release|Any CPU
		{9B16DAAF-7E01-48E9-B38B-8A203DE945EE}.Debug|Any CPU.ActiveCfg = Debug|Any CPU
		{9B16DAAF-7E01-48E9-B38B-8A203DE945EE}.Debug|Any CPU.Build.0 = Debug|Any CPU
		{9B16DAAF-7E01-48E9-B38B-8A203DE945EE}.Release|Any CPU.ActiveCfg = Release|Any CPU
		{9B16DAAF-7E01-48E9-B38B-8A203DE945EE}.Release|Any CPU.Build.0 = Release|Any CPU
		{823EDC8B-69DD-4FD1-989A-BE535FFD7B04}.Debug|Any CPU.ActiveCfg = Debug|Any CPU
		{823EDC8B-69DD-4FD1-989A-BE535FFD7B04}.Debug|Any CPU.Build.0 = Debug|Any CPU
		{823EDC8B-69DD-4FD1-989A-BE535FFD7B04}.Release|Any CPU.ActiveCfg = Release|Any CPU
		{823EDC8B-69DD-4FD1-989A-BE535FFD7B04}.Release|Any CPU.Build.0 = Release|Any CPU
	EndGlobalSection
	GlobalSection(SolutionProperties) = preSolution
		HideSolutionNode = FALSE
	EndGlobalSection
	GlobalSection(ExtensibilityGlobals) = postSolution
		SolutionGuid = {F3395DD8-70BF-4345-8028-14452044C48E}
	EndGlobalSection
EndGlobal
